
Microsoft Visual Studio Solution File, Format Version 12.00
# Visual Studio Version 17
VisualStudioVersion = 17.5.33516.290
MinimumVisualStudioVersion = 10.0.40219.1
Project("{FAE04EC0-301F-11D3-BF4B-00C04F79EFBC}") = "employee-management", "employee-management.csproj", "{8579D704-580B-45A5-86CC-10AB0C8A6761}"
EndProject
Global
	GlobalSection(SolutionConfigurationPlatforms) = preSolution
		Debug|Any CPU = Debug|Any CPU
		Release|Any CPU = Release|Any CPU
	EndGlobalSection
	GlobalSection(ProjectConfigurationPlatforms) = postSolution
		{8579D704-580B-45A5-86CC-10AB0C8A6761}.Debug|Any CPU.ActiveCfg = Debug|Any CPU
		{8579D704-580B-45A5-86CC-10AB0C8A6761}.Debug|Any CPU.Build.0 = Debug|Any CPU
		{8579D704-580B-45A5-86CC-10AB0C8A6761}.Release|Any CPU.ActiveCfg = Release|Any CPU
		{8579D704-580B-45A5-86CC-10AB0C8A6761}.Release|Any CPU.Build.0 = Release|Any CPU
	EndGlobalSection
	GlobalSection(SolutionProperties) = preSolution
		HideSolutionNode = FALSE
	EndGlobalSection
	GlobalSection(ExtensibilityGlobals) = postSolution
		SolutionGuid = {4C0A3ACB-4E05-47AB-897C-34A93010E3A0}
	EndGlobalSection
EndGlobal
